
Microsoft Visual Studio Solution File, Format Version 12.00
# Visual Studio Version 17
VisualStudioVersion = 17.0.31903.59
MinimumVisualStudioVersion = 10.0.40219.1
Project("{FAE04EC0-301F-11D3-BF4B-00C04F79EFBC}") = "MinimalApi", "MinimalApi\MinimalApi.csproj", "{A388FD03-62C8-4DAE-BF4E-ED9D323C4246}"
EndProject
Global
	GlobalSection(SolutionConfigurationPlatforms) = preSolution
		Debug|Any CPU = Debug|Any CPU
		Release|Any CPU = Release|Any CPU
	EndGlobalSection
	GlobalSection(SolutionProperties) = preSolution
		HideSolutionNode = FALSE
	EndGlobalSection
	GlobalSection(ProjectConfigurationPlatforms) = postSolution
		{A388FD03-62C8-4DAE-BF4E-ED9D323C4246}.Debug|Any CPU.ActiveCfg = Debug|Any CPU
		{A388FD03-62C8-4DAE-BF4E-ED9D323C4246}.Debug|Any CPU.Build.0 = Debug|Any CPU
		{A388FD03-62C8-4DAE-BF4E-ED9D323C4246}.Release|Any CPU.ActiveCfg = Release|Any CPU
		{A388FD03-62C8-4DAE-BF4E-ED9D323C4246}.Release|Any CPU.Build.0 = Release|Any CPU
	EndGlobalSection
EndGlobal
